
Microsoft Visual Studio Solution File, Format Version 12.00
# Visual Studio Version 17
VisualStudioVersion = 17.11.35312.102
MinimumVisualStudioVersion = 10.0.40219.1
Project("{FAE04EC0-301F-11D3-BF4B-00C04F79EFBC}") = "FitnessTrackingSystemWPF", "FitnessTrackingSystemWPF\FitnessTrackingSystemWPF.csproj", "{4AAE12A4-B910-4C49-90C8-B093CA46CBDC}"
EndProject
Global
	GlobalSection(SolutionConfigurationPlatforms) = preSolution
		Debug|Any CPU = Debug|Any CPU
		Release|Any CPU = Release|Any CPU
	EndGlobalSection
	GlobalSection(ProjectConfigurationPlatforms) = postSolution
		{4AAE12A4-B910-4C49-90C8-B093CA46CBDC}.Debug|Any CPU.ActiveCfg = Debug|Any CPU
		{4AAE12A4-B910-4C49-90C8-B093CA46CBDC}.Debug|Any CPU.Build.0 = Debug|Any CPU
		{4AAE12A4-B910-4C49-90C8-B093CA46CBDC}.Release|Any CPU.ActiveCfg = Release|Any CPU
		{4AAE12A4-B910-4C49-90C8-B093CA46CBDC}.Release|Any CPU.Build.0 = Release|Any CPU
	EndGlobalSection
	GlobalSection(SolutionProperties) = preSolution
		HideSolutionNode = FALSE
	EndGlobalSection
	GlobalSection(ExtensibilityGlobals) = postSolution
		SolutionGuid = {7873E393-7B64-4E9A-AE9C-63051F533F3A}
	EndGlobalSection
EndGlobal
